// !$*UTF8*$!
{
	archiveVersion = 1;
	classes = {
	};
	objectVersion = 56;
	objects = {

/* Begin PBXBuildFile section */
		A21F386E28EF7A68002AA942 /* LocationsListView.swift in Sources */ = {isa = PBXBuildFile; fileRef = A21F386D28EF7A68002AA942 /* LocationsListView.swift */; };
		A252C1DE28EC46FF009E819B /* map_appApp.swift in Sources */ = {isa = PBXBuildFile; fileRef = A252C1DD28EC46FF009E819B /* map_appApp.swift */; };
		A252C1E028EC46FF009E819B /* ContentView.swift in Sources */ = {isa = PBXBuildFile; fileRef = A252C1DF28EC46FF009E819B /* ContentView.swift */; };
		A252C1E528EC4700009E819B /* Preview Assets.xcassets in Resources */ = {isa = PBXBuildFile; fileRef = A252C1E428EC4700009E819B /* Preview Assets.xcassets */; };
		A252C1EC28EC4804009E819B /* Assets.xcassets in Resources */ = {isa = PBXBuildFile; fileRef = A252C1EB28EC4804009E819B /* Assets.xcassets */; };
		A252C1F128EC490F009E819B /* Location.swift in Sources */ = {isa = PBXBuildFile; fileRef = A252C1F028EC490F009E819B /* Location.swift */; };
		A252C1F428EC4A25009E819B /* LocationsDataService.swift in Sources */ = {isa = PBXBuildFile; fileRef = A252C1F328EC4A25009E819B /* LocationsDataService.swift */; };
		A252C1F628EC5E5C009E819B /* LocationsView.swift in Sources */ = {isa = PBXBuildFile; fileRef = A252C1F528EC5E5C009E819B /* LocationsView.swift */; };
		A252C1F828EC616E009E819B /* LocationsViewModel.swift in Sources */ = {isa = PBXBuildFile; fileRef = A252C1F728EC616E009E819B /* LocationsViewModel.swift */; };
		A26AE78A28F02A6F00489C01 /* LocationPreviewView.swift in Sources */ = {isa = PBXBuildFile; fileRef = A26AE78928F02A6F00489C01 /* LocationPreviewView.swift */; };
		A26AE78C28F0423500489C01 /* LocationMapAnnotationView.swift in Sources */ = {isa = PBXBuildFile; fileRef = A26AE78B28F0423500489C01 /* LocationMapAnnotationView.swift */; };
/* End PBXBuildFile section */

/* Begin PBXFileReference section */
		A21F386D28EF7A68002AA942 /* LocationsListView.swift */ = {isa = PBXFileReference; lastKnownFileType = sourcecode.swift; path = LocationsListView.swift; sourceTree = "<group>"; };
		A252C1DA28EC46FF009E819B /* map-app.app */ = {isa = PBXFileReference; explicitFileType = wrapper.application; includeInIndex = 0; path = "map-app.app"; sourceTree = BUILT_PRODUCTS_DIR; };
		A252C1DD28EC46FF009E819B /* map_appApp.swift */ = {isa = PBXFileReference; lastKnownFileType = sourcecode.swift; path = map_appApp.swift; sourceTree = "<group>"; };
		A252C1DF28EC46FF009E819B /* ContentView.swift */ = {isa = PBXFileReference; lastKnownFileType = sourcecode.swift; path = ContentView.swift; sourceTree = "<group>"; };
		A252C1E428EC4700009E819B /* Preview Assets.xcassets */ = {isa = PBXFileReference; lastKnownFileType = folder.assetcatalog; path = "Preview Assets.xcassets"; sourceTree = "<group>"; };
		A252C1EB28EC4804009E819B /* Assets.xcassets */ = {isa = PBXFileReference; lastKnownFileType = folder.assetcatalog; path = Assets.xcassets; sourceTree = "<group>"; };
		A252C1F028EC490F009E819B /* Location.swift */ = {isa = PBXFileReference; lastKnownFileType = sourcecode.swift; path = Location.swift; sourceTree = "<group>"; };
		A252C1F328EC4A25009E819B /* LocationsDataService.swift */ = {isa = PBXFileReference; lastKnownFileType = sourcecode.swift; path = LocationsDataService.swift; sourceTree = "<group>"; };
		A252C1F528EC5E5C009E819B /* LocationsView.swift */ = {isa = PBXFileReference; lastKnownFileType = sourcecode.swift; path = LocationsView.swift; sourceTree = "<group>"; };
		A252C1F728EC616E009E819B /* LocationsViewModel.swift */ = {isa = PBXFileReference; lastKnownFileType = sourcecode.swift; path = LocationsViewModel.swift; sourceTree = "<group>"; };
		A26AE78928F02A6F00489C01 /* LocationPreviewView.swift */ = {isa = PBXFileReference; lastKnownFileType = sourcecode.swift; path = LocationPreviewView.swift; sourceTree = "<group>"; };
		A26AE78B28F0423500489C01 /* LocationMapAnnotationView.swift */ = {isa = PBXFileReference; lastKnownFileType = sourcecode.swift; path = LocationMapAnnotationView.swift; sourceTree = "<group>"; };
/* End PBXFileReference section */

/* Begin PBXFrameworksBuildPhase section */
		A252C1D728EC46FF009E819B /* Frameworks */ = {
			isa = PBXFrameworksBuildPhase;
			buildActionMask = 2147483647;
			files = (
			);
			runOnlyForDeploymentPostprocessing = 0;
		};
/* End PBXFrameworksBuildPhase section */

/* Begin PBXGroup section */
		A252C1D128EC46FF009E819B = {
			isa = PBXGroup;
			children = (
				A252C1F228EC4A01009E819B /* DataServices */,
				A252C1EF28EC48DC009E819B /* ViewModels */,
				A252C1EE28EC48D6009E819B /* Views */,
				A252C1ED28EC48D0009E819B /* Models */,
				A252C1DC28EC46FF009E819B /* map-app */,
				A252C1DB28EC46FF009E819B /* Products */,
			);
			sourceTree = "<group>";
		};
		A252C1DB28EC46FF009E819B /* Products */ = {
			isa = PBXGroup;
			children = (
				A252C1DA28EC46FF009E819B /* map-app.app */,
			);
			name = Products;
			sourceTree = "<group>";
		};
		A252C1DC28EC46FF009E819B /* map-app */ = {
			isa = PBXGroup;
			children = (
				A252C1DD28EC46FF009E819B /* map_appApp.swift */,
				A252C1DF28EC46FF009E819B /* ContentView.swift */,
				A252C1EB28EC4804009E819B /* Assets.xcassets */,
				A252C1E328EC4700009E819B /* Preview Content */,
			);
			path = "map-app";
			sourceTree = "<group>";
		};
		A252C1E328EC4700009E819B /* Preview Content */ = {
			isa = PBXGroup;
			children = (
				A252C1E428EC4700009E819B /* Preview Assets.xcassets */,
			);
			path = "Preview Content";
			sourceTree = "<group>";
		};
		A252C1ED28EC48D0009E819B /* Models */ = {
			isa = PBXGroup;
			children = (
				A252C1F028EC490F009E819B /* Location.swift */,
			);
			path = Models;
			sourceTree = "<group>";
		};
		A252C1EE28EC48D6009E819B /* Views */ = {
			isa = PBXGroup;
			children = (
				A252C1F528EC5E5C009E819B /* LocationsView.swift */,
				A21F386D28EF7A68002AA942 /* LocationsListView.swift */,
				A26AE78928F02A6F00489C01 /* LocationPreviewView.swift */,
				A26AE78B28F0423500489C01 /* LocationMapAnnotationView.swift */,
			);
			path = Views;
			sourceTree = "<group>";
		};
		A252C1EF28EC48DC009E819B /* ViewModels */ = {
			isa = PBXGroup;
			children = (
				A252C1F728EC616E009E819B /* LocationsViewModel.swift */,
			);
			path = ViewModels;
			sourceTree = "<group>";
		};
		A252C1F228EC4A01009E819B /* DataServices */ = {
			isa = PBXGroup;
			children = (
				A252C1F328EC4A25009E819B /* LocationsDataService.swift */,
			);
			path = DataServices;
			sourceTree = "<group>";
		};
/* End PBXGroup section */

/* Begin PBXNativeTarget section */
		A252C1D928EC46FF009E819B /* map-app */ = {
			isa = PBXNativeTarget;
			buildConfigurationList = A252C1E828EC4700009E819B /* Build configuration list for PBXNativeTarget "map-app" */;
			buildPhases = (
				A252C1D628EC46FF009E819B /* Sources */,
				A252C1D728EC46FF009E819B /* Frameworks */,
				A252C1D828EC46FF009E819B /* Resources */,
			);
			buildRules = (
			);
			dependencies = (
			);
			name = "map-app";
			productName = "map-app";
			productReference = A252C1DA28EC46FF009E819B /* map-app.app */;
			productType = "com.apple.product-type.application";
		};
/* End PBXNativeTarget section */

/* Begin PBXProject section */
		A252C1D228EC46FF009E819B /* Project object */ = {
			isa = PBXProject;
			attributes = {
				BuildIndependentTargetsInParallel = 1;
				LastSwiftUpdateCheck = 1400;
				LastUpgradeCheck = 1400;
				TargetAttributes = {
					A252C1D928EC46FF009E819B = {
						CreatedOnToolsVersion = 14.0.1;
					};
				};
			};
			buildConfigurationList = A252C1D528EC46FF009E819B /* Build configuration list for PBXProject "map-app" */;
			compatibilityVersion = "Xcode 14.0";
			developmentRegion = en;
			hasScannedForEncodings = 0;
			knownRegions = (
				en,
				Base,
			);
			mainGroup = A252C1D128EC46FF009E819B;
			productRefGroup = A252C1DB28EC46FF009E819B /* Products */;
			projectDirPath = "";
			projectRoot = "";
			targets = (
				A252C1D928EC46FF009E819B /* map-app */,
			);
		};
/* End PBXProject section */

/* Begin PBXResourcesBuildPhase section */
		A252C1D828EC46FF009E819B /* Resources */ = {
			isa = PBXResourcesBuildPhase;
			buildActionMask = 2147483647;
			files = (
				A252C1EC28EC4804009E819B /* Assets.xcassets in Resources */,
				A252C1E528EC4700009E819B /* Preview Assets.xcassets in Resources */,
			);
			runOnlyForDeploymentPostprocessing = 0;
		};
/* End PBXResourcesBuildPhase section */

/* Begin PBXSourcesBuildPhase section */
		A252C1D628EC46FF009E819B /* Sources */ = {
			isa = PBXSourcesBuildPhase;
			buildActionMask = 2147483647;
			files = (
				A252C1F428EC4A25009E819B /* LocationsDataService.swift in Sources */,
				A26AE78C28F0423500489C01 /* LocationMapAnnotationView.swift in Sources */,
				A21F386E28EF7A68002AA942 /* LocationsListView.swift in Sources */,
				A26AE78A28F02A6F00489C01 /* LocationPreviewView.swift in Sources */,
				A252C1F828EC616E009E819B /* LocationsViewModel.swift in Sources */,
				A252C1E028EC46FF009E819B /* ContentView.swift in Sources */,
				A252C1F628EC5E5C009E819B /* LocationsView.swift in Sources */,
				A252C1F128EC490F009E819B /* Location.swift in Sources */,
				A252C1DE28EC46FF009E819B /* map_appApp.swift in Sources */,
			);
			runOnlyForDeploymentPostprocessing = 0;
		};
/* End PBXSourcesBuildPhase section */

/* Begin XCBuildConfiguration section */
		A252C1E628EC4700009E819B /* Debug */ = {
			isa = XCBuildConfiguration;
			buildSettings = {
				ALWAYS_SEARCH_USER_PATHS = NO;
				CLANG_ANALYZER_NONNULL = YES;
				CLANG_ANALYZER_NUMBER_OBJECT_CONVERSION = YES_AGGRESSIVE;
				CLANG_CXX_LANGUAGE_STANDARD = "gnu++20";
				CLANG_ENABLE_MODULES = YES;
				CLANG_ENABLE_OBJC_ARC = YES;
				CLANG_ENABLE_OBJC_WEAK = YES;
				CLANG_WARN_BLOCK_CAPTURE_AUTORELEASING = YES;
				CLANG_WARN_BOOL_CONVERSION = YES;
				CLANG_WARN_COMMA = YES;
				CLANG_WARN_CONSTANT_CONVERSION = YES;
				CLANG_WARN_DEPRECATED_OBJC_IMPLEMENTATIONS = YES;
				CLANG_WARN_DIRECT_OBJC_ISA_USAGE = YES_ERROR;
				CLANG_WARN_DOCUMENTATION_COMMENTS = YES;
				CLANG_WARN_EMPTY_BODY = YES;
				CLANG_WARN_ENUM_CONVERSION = YES;
				CLANG_WARN_INFINITE_RECURSION = YES;
				CLANG_WARN_INT_CONVERSION = YES;
				CLANG_WARN_NON_LITERAL_NULL_CONVERSION = YES;
				CLANG_WARN_OBJC_IMPLICIT_RETAIN_SELF = YES;
				CLANG_WARN_OBJC_LITERAL_CONVERSION = YES;
				CLANG_WARN_OBJC_ROOT_CLASS = YES_ERROR;
				CLANG_WARN_QUOTED_INCLUDE_IN_FRAMEWORK_HEADER = YES;
				CLANG_WARN_RANGE_LOOP_ANALYSIS = YES;
				CLANG_WARN_STRICT_PROTOTYPES = YES;
				CLANG_WARN_SUSPICIOUS_MOVE = YES;
				CLANG_WARN_UNGUARDED_AVAILABILITY = YES_AGGRESSIVE;
				CLANG_WARN_UNREACHABLE_CODE = YES;
				CLANG_WARN__DUPLICATE_METHOD_MATCH = YES;
				COPY_PHASE_STRIP = NO;
				DEBUG_INFORMATION_FORMAT = dwarf;
				ENABLE_STRICT_OBJC_MSGSEND = YES;
				ENABLE_TESTABILITY = YES;
				GCC_C_LANGUAGE_STANDARD = gnu11;
				GCC_DYNAMIC_NO_PIC = NO;
				GCC_NO_COMMON_BLOCKS = YES;
				GCC_OPTIMIZATION_LEVEL = 0;
				GCC_PREPROCESSOR_DEFINITIONS = (
					"DEBUG=1",
					"$(inherited)",
				);
				GCC_WARN_64_TO_32_BIT_CONVERSION = YES;
				GCC_WARN_ABOUT_RETURN_TYPE = YES_ERROR;
				GCC_WARN_UNDECLARED_SELECTOR = YES;
				GCC_WARN_UNINITIALIZED_AUTOS = YES_AGGRESSIVE;
				GCC_WARN_UNUSED_FUNCTION = YES;
				GCC_WARN_UNUSED_VARIABLE = YES;
				IPHONEOS_DEPLOYMENT_TARGET = 16.0;
				MTL_ENABLE_DEBUG_INFO = INCLUDE_SOURCE;
				MTL_FAST_MATH = YES;
				ONLY_ACTIVE_ARCH = YES;
				SDKROOT = iphoneos;
				SWIFT_ACTIVE_COMPILATION_CONDITIONS = DEBUG;
				SWIFT_OPTIMIZATION_LEVEL = "-Onone";
			};
			name = Debug;
		};
		A252C1E728EC4700009E819B /* Release */ = {
			isa = XCBuildConfiguration;
			buildSettings = {
				ALWAYS_SEARCH_USER_PATHS = NO;
				CLANG_ANALYZER_NONNULL = YES;
				CLANG_ANALYZER_NUMBER_OBJECT_CONVERSION = YES_AGGRESSIVE;
				CLANG_CXX_LANGUAGE_STANDARD = "gnu++20";
				CLANG_ENABLE_MODULES = YES;
				CLANG_ENABLE_OBJC_ARC = YES;
				CLANG_ENABLE_OBJC_WEAK = YES;
				CLANG_WARN_BLOCK_CAPTURE_AUTORELEASING = YES;
				CLANG_WARN_BOOL_CONVERSION = YES;
				CLANG_WARN_COMMA = YES;
				CLANG_WARN_CONSTANT_CONVERSION = YES;
				CLANG_WARN_DEPRECATED_OBJC_IMPLEMENTATIONS = YES;
				CLANG_WARN_DIRECT_OBJC_ISA_USAGE = YES_ERROR;
				CLANG_WARN_DOCUMENTATION_COMMENTS = YES;
				CLANG_WARN_EMPTY_BODY = YES;
				CLANG_WARN_ENUM_CONVERSION = YES;
				CLANG_WARN_INFINITE_RECURSION = YES;
				CLANG_WARN_INT_CONVERSION = YES;
				CLANG_WARN_NON_LITERAL_NULL_CONVERSION = YES;
				CLANG_WARN_OBJC_IMPLICIT_RETAIN_SELF = YES;
				CLANG_WARN_OBJC_LITERAL_CONVERSION = YES;
				CLANG_WARN_OBJC_ROOT_CLASS = YES_ERROR;
				CLANG_WARN_QUOTED_INCLUDE_IN_FRAMEWORK_HEADER = YES;
				CLANG_WARN_RANGE_LOOP_ANALYSIS = YES;
				CLANG_WARN_STRICT_PROTOTYPES = YES;
				CLANG_WARN_SUSPICIOUS_MOVE = YES;
				CLANG_WARN_UNGUARDED_AVAILABILITY = YES_AGGRESSIVE;
				CLANG_WARN_UNREACHABLE_CODE = YES;
				CLANG_WARN__DUPLICATE_METHOD_MATCH = YES;
				COPY_PHASE_STRIP = NO;
				DEBUG_INFORMATION_FORMAT = "dwarf-with-dsym";
				ENABLE_NS_ASSERTIONS = NO;
				ENABLE_STRICT_OBJC_MSGSEND = YES;
				GCC_C_LANGUAGE_STANDARD = gnu11;
				GCC_NO_COMMON_BLOCKS = YES;
				GCC_WARN_64_TO_32_BIT_CONVERSION = YES;
				GCC_WARN_ABOUT_RETURN_TYPE = YES_ERROR;
				GCC_WARN_UNDECLARED_SELECTOR = YES;
				GCC_WARN_UNINITIALIZED_AUTOS = YES_AGGRESSIVE;
				GCC_WARN_UNUSED_FUNCTION = YES;
				GCC_WARN_UNUSED_VARIABLE = YES;
				IPHONEOS_DEPLOYMENT_TARGET = 16.0;
				MTL_ENABLE_DEBUG_INFO = NO;
				MTL_FAST_MATH = YES;
				SDKROOT = iphoneos;
				SWIFT_COMPILATION_MODE = wholemodule;
				SWIFT_OPTIMIZATION_LEVEL = "-O";
				VALIDATE_PRODUCT = YES;
			};
			name = Release;
		};
		A252C1E928EC4700009E819B /* Debug */ = {
			isa = XCBuildConfiguration;
			buildSettings = {
				ASSETCATALOG_COMPILER_APPICON_NAME = AppIcon;
				ASSETCATALOG_COMPILER_GLOBAL_ACCENT_COLOR_NAME = AccentColor;
				CODE_SIGN_STYLE = Automatic;
				CURRENT_PROJECT_VERSION = 1;
				DEVELOPMENT_ASSET_PATHS = "\"map-app/Preview Content\"";
				DEVELOPMENT_TEAM = 79CS75S5DL;
				ENABLE_PREVIEWS = YES;
				GENERATE_INFOPLIST_FILE = YES;
				INFOPLIST_KEY_UIApplicationSceneManifest_Generation = YES;
				INFOPLIST_KEY_UIApplicationSupportsIndirectInputEvents = YES;
				INFOPLIST_KEY_UILaunchScreen_Generation = YES;
				INFOPLIST_KEY_UISupportedInterfaceOrientations_iPad = "UIInterfaceOrientationPortrait UIInterfaceOrientationPortraitUpsideDown UIInterfaceOrientationLandscapeLeft UIInterfaceOrientationLandscapeRight";
				INFOPLIST_KEY_UISupportedInterfaceOrientations_iPhone = "UIInterfaceOrientationPortrait UIInterfaceOrientationLandscapeLeft UIInterfaceOrientationLandscapeRight";
				LD_RUNPATH_SEARCH_PATHS = (
					"$(inherited)",
					"@executable_path/Frameworks",
				);
				MARKETING_VERSION = 1.0;
				PRODUCT_BUNDLE_IDENTIFIER = "com.celilcagataygedik.map-app";
				PRODUCT_NAME = "$(TARGET_NAME)";
				SWIFT_EMIT_LOC_STRINGS = YES;
				SWIFT_VERSION = 5.0;
				TARGETED_DEVICE_FAMILY = "1,2";
			};
			name = Debug;
		};
		A252C1EA28EC4700009E819B /* Release */ = {
			isa = XCBuildConfiguration;
			buildSettings = {
				ASSETCATALOG_COMPILER_APPICON_NAME = AppIcon;
				ASSETCATALOG_COMPILER_GLOBAL_ACCENT_COLOR_NAME = AccentColor;
				CODE_SIGN_STYLE = Automatic;
				CURRENT_PROJECT_VERSION = 1;
				DEVELOPMENT_ASSET_PATHS = "\"map-app/Preview Content\"";
				DEVELOPMENT_TEAM = 79CS75S5DL;
				ENABLE_PREVIEWS = YES;
				GENERATE_INFOPLIST_FILE = YES;
				INFOPLIST_KEY_UIApplicationSceneManifest_Generation = YES;
				INFOPLIST_KEY_UIApplicationSupportsIndirectInputEvents = YES;
				INFOPLIST_KEY_UILaunchScreen_Generation = YES;
				INFOPLIST_KEY_UISupportedInterfaceOrientations_iPad = "UIInterfaceOrientationPortrait UIInterfaceOrientationPortraitUpsideDown UIInterfaceOrientationLandscapeLeft UIInterfaceOrientationLandscapeRight";
				INFOPLIST_KEY_UISupportedInterfaceOrientations_iPhone = "UIInterfaceOrientationPortrait UIInterfaceOrientationLandscapeLeft UIInterfaceOrientationLandscapeRight";
				LD_RUNPATH_SEARCH_PATHS = (
					"$(inherited)",
					"@executable_path/Frameworks",
				);
				MARKETING_VERSION = 1.0;
				PRODUCT_BUNDLE_IDENTIFIER = "com.celilcagataygedik.map-app";
				PRODUCT_NAME = "$(TARGET_NAME)";
				SWIFT_EMIT_LOC_STRINGS = YES;
				SWIFT_VERSION = 5.0;
				TARGETED_DEVICE_FAMILY = "1,2";
			};
			name = Release;
		};
/* End XCBuildConfiguration section */

/* Begin XCConfigurationList section */
		A252C1D528EC46FF009E819B /* Build configuration list for PBXProject "map-app" */ = {
			isa = XCConfigurationList;
			buildConfigurations = (
				A252C1E628EC4700009E819B /* Debug */,
				A252C1E728EC4700009E819B /* Release */,
			);
			defaultConfigurationIsVisible = 0;
			defaultConfigurationName = Release;
		};
		A252C1E828EC4700009E819B /* Build configuration list for PBXNativeTarget "map-app" */ = {
			isa = XCConfigurationList;
			buildConfigurations = (
				A252C1E928EC4700009E819B /* Debug */,
				A252C1EA28EC4700009E819B /* Release */,
			);
			defaultConfigurationIsVisible = 0;
			defaultConfigurationName = Release;
		};
/* End XCConfigurationList section */
	};
	rootObject = A252C1D228EC46FF009E819B /* Project object */;
}
